
Microsoft Visual Studio Solution File, Format Version 12.00
# Visual Studio Version 17
VisualStudioVersion = 17.6.33723.286
MinimumVisualStudioVersion = 10.0.40219.1
Project("{9A19103F-16F7-4668-BE54-9A1E7A4F7556}") = "Api", "Api\Api.csproj", "{D92A0F80-8CDA-4E71-BEED-9705AF851482}"
EndProject
Project("{9A19103F-16F7-4668-BE54-9A1E7A4F7556}") = "PresentationGrpc", "PresentationGrpc\PresentationGrpc.csproj", "{E5F6E225-6C82-4485-A3F3-71D5F790AB8A}"
EndProject
Project("{9A19103F-16F7-4668-BE54-9A1E7A4F7556}") = "Core", "Core\Core.csproj", "{63DCDEDD-C8C2-4541-B532-BABFB233F482}"
EndProject
Project("{9A19103F-16F7-4668-BE54-9A1E7A4F7556}") = "SpotifyDataExtractor", "SpotifyDataExtractor\SpotifyDataExtractor.csproj", "{2070D593-ED2B-4573-B6DD-A834F0B88EDB}"
EndProject
Project("{9A19103F-16F7-4668-BE54-9A1E7A4F7556}") = "CoreTests", "CoreTests\CoreTests.csproj", "{F2CC37E0-931C-47B9-8E9F-F23EB683CBF7}"
EndProject
Global
	GlobalSection(SolutionConfigurationPlatforms) = preSolution
		Debug|Any CPU = Debug|Any CPU
		Release|Any CPU = Release|Any CPU
	EndGlobalSection
	GlobalSection(ProjectConfigurationPlatforms) = postSolution
		{D92A0F80-8CDA-4E71-BEED-9705AF851482}.Debug|Any CPU.ActiveCfg = Debug|Any CPU
		{D92A0F80-8CDA-4E71-BEED-9705AF851482}.Debug|Any CPU.Build.0 = Debug|Any CPU
		{D92A0F80-8CDA-4E71-BEED-9705AF851482}.Release|Any CPU.ActiveCfg = Release|Any CPU
		{D92A0F80-8CDA-4E71-BEED-9705AF851482}.Release|Any CPU.Build.0 = Release|Any CPU
		{E5F6E225-6C82-4485-A3F3-71D5F790AB8A}.Debug|Any CPU.ActiveCfg = Debug|Any CPU
		{E5F6E225-6C82-4485-A3F3-71D5F790AB8A}.Debug|Any CPU.Build.0 = Debug|Any CPU
		{E5F6E225-6C82-4485-A3F3-71D5F790AB8A}.Release|Any CPU.ActiveCfg = Release|Any CPU
		{E5F6E225-6C82-4485-A3F3-71D5F790AB8A}.Release|Any CPU.Build.0 = Release|Any CPU
		{63DCDEDD-C8C2-4541-B532-BABFB233F482}.Debug|Any CPU.ActiveCfg = Debug|Any CPU
		{63DCDEDD-C8C2-4541-B532-BABFB233F482}.Debug|Any CPU.Build.0 = Debug|Any CPU
		{63DCDEDD-C8C2-4541-B532-BABFB233F482}.Release|Any CPU.ActiveCfg = Release|Any CPU
		{63DCDEDD-C8C2-4541-B532-BABFB233F482}.Release|Any CPU.Build.0 = Release|Any CPU
		{2070D593-ED2B-4573-B6DD-A834F0B88EDB}.Debug|Any CPU.ActiveCfg = Debug|Any CPU
		{2070D593-ED2B-4573-B6DD-A834F0B88EDB}.Debug|Any CPU.Build.0 = Debug|Any CPU
		{2070D593-ED2B-4573-B6DD-A834F0B88EDB}.Release|Any CPU.ActiveCfg = Release|Any CPU
		{2070D593-ED2B-4573-B6DD-A834F0B88EDB}.Release|Any CPU.Build.0 = Release|Any CPU
		{F2CC37E0-931C-47B9-8E9F-F23EB683CBF7}.Debug|Any CPU.ActiveCfg = Debug|Any CPU
		{F2CC37E0-931C-47B9-8E9F-F23EB683CBF7}.Debug|Any CPU.Build.0 = Debug|Any CPU
		{F2CC37E0-931C-47B9-8E9F-F23EB683CBF7}.Release|Any CPU.ActiveCfg = Release|Any CPU
		{F2CC37E0-931C-47B9-8E9F-F23EB683CBF7}.Release|Any CPU.Build.0 = Release|Any CPU
	EndGlobalSection
	GlobalSection(SolutionProperties) = preSolution
		HideSolutionNode = FALSE
	EndGlobalSection
	GlobalSection(ExtensibilityGlobals) = postSolution
		SolutionGuid = {B47F44E6-10F5-4686-B59A-4B018F455BED}
	EndGlobalSection
EndGlobal
